// !$*UTF8*$!
{
	archiveVersion = 1;
	classes = {
	};
	objectVersion = 56;
	objects = {

/* Begin PBXBuildFile section */
		232B33022968372C00904F51 /* MainPage.swift in Sources */ = {isa = PBXBuildFile; fileRef = 232B33012968372C00904F51 /* MainPage.swift */; };
		232B33042968757E00904F51 /* ImagePicker.swift in Sources */ = {isa = PBXBuildFile; fileRef = 232B33032968757E00904F51 /* ImagePicker.swift */; };
		23968141296AB4C600318D02 /* Localizable.strings in Resources */ = {isa = PBXBuildFile; fileRef = 23968143296AB4C600318D02 /* Localizable.strings */; };
		239D4241296DD53A00AB47A0 /* MyColorPicker.swift in Sources */ = {isa = PBXBuildFile; fileRef = 239D4240296DD53A00AB47A0 /* MyColorPicker.swift */; };
		23C5E6C22966D0A000F6C592 /* nanoApp.swift in Sources */ = {isa = PBXBuildFile; fileRef = 23C5E6C12966D0A000F6C592 /* nanoApp.swift */; };
		23C5E6C62966D0A100F6C592 /* Assets.xcassets in Resources */ = {isa = PBXBuildFile; fileRef = 23C5E6C52966D0A100F6C592 /* Assets.xcassets */; };
		23C5E6C92966D0A100F6C592 /* Preview Assets.xcassets in Resources */ = {isa = PBXBuildFile; fileRef = 23C5E6C82966D0A100F6C592 /* Preview Assets.xcassets */; };
		23C5E6CB2966D0A100F6C592 /* Persistence.swift in Sources */ = {isa = PBXBuildFile; fileRef = 23C5E6CA2966D0A100F6C592 /* Persistence.swift */; };
		23C5E6CE2966D0A100F6C592 /* nano.xcdatamodeld in Sources */ = {isa = PBXBuildFile; fileRef = 23C5E6CC2966D0A100F6C592 /* nano.xcdatamodeld */; };
		23C5E6D52966D0CB00F6C592 /* Splash.swift in Sources */ = {isa = PBXBuildFile; fileRef = 23C5E6D42966D0CB00F6C592 /* Splash.swift */; };
		23C5E6D72966D0E300F6C592 /* Camera.swift in Sources */ = {isa = PBXBuildFile; fileRef = 23C5E6D62966D0E300F6C592 /* Camera.swift */; };
		9721DBAC296D456A008DE5F4 /* Home.swift in Sources */ = {isa = PBXBuildFile; fileRef = 9721DBAB296D456A008DE5F4 /* Home.swift */; };
		9721DBAE296D45B3008DE5F4 /* CustomColorPcker.swift in Sources */ = {isa = PBXBuildFile; fileRef = 9721DBAD296D45B3008DE5F4 /* CustomColorPcker.swift */; };
/* End PBXBuildFile section */

/* Begin PBXFileReference section */
		232B33012968372C00904F51 /* MainPage.swift */ = {isa = PBXFileReference; lastKnownFileType = sourcecode.swift; path = MainPage.swift; sourceTree = "<group>"; };
		232B33032968757E00904F51 /* ImagePicker.swift */ = {isa = PBXFileReference; lastKnownFileType = sourcecode.swift; path = ImagePicker.swift; sourceTree = "<group>"; };
		235BC268296BF91B00945251 /* ar */ = {isa = PBXFileReference; lastKnownFileType = text.plist.strings; name = ar; path = ar.lproj/Localizable.strings; sourceTree = "<group>"; };
		239D4240296DD53A00AB47A0 /* MyColorPicker.swift */ = {isa = PBXFileReference; lastKnownFileType = sourcecode.swift; path = MyColorPicker.swift; sourceTree = "<group>"; };
		23BCBECE296C6A7900F7AAC8 /* en */ = {isa = PBXFileReference; lastKnownFileType = text.plist.strings; name = en; path = en.lproj/Localizable.strings; sourceTree = "<group>"; };
		23C5E6BE2966D0A000F6C592 /* nano.app */ = {isa = PBXFileReference; explicitFileType = wrapper.application; includeInIndex = 0; path = nano.app; sourceTree = BUILT_PRODUCTS_DIR; };
		23C5E6C12966D0A000F6C592 /* nanoApp.swift */ = {isa = PBXFileReference; lastKnownFileType = sourcecode.swift; path = nanoApp.swift; sourceTree = "<group>"; };
		23C5E6C52966D0A100F6C592 /* Assets.xcassets */ = {isa = PBXFileReference; lastKnownFileType = folder.assetcatalog; path = Assets.xcassets; sourceTree = "<group>"; };
		23C5E6C82966D0A100F6C592 /* Preview Assets.xcassets */ = {isa = PBXFileReference; lastKnownFileType = folder.assetcatalog; path = "Preview Assets.xcassets"; sourceTree = "<group>"; };
		23C5E6CA2966D0A100F6C592 /* Persistence.swift */ = {isa = PBXFileReference; lastKnownFileType = sourcecode.swift; path = Persistence.swift; sourceTree = "<group>"; };
		23C5E6CD2966D0A100F6C592 /* nano.xcdatamodel */ = {isa = PBXFileReference; lastKnownFileType = wrapper.xcdatamodel; path = nano.xcdatamodel; sourceTree = "<group>"; };
		23C5E6D42966D0CB00F6C592 /* Splash.swift */ = {isa = PBXFileReference; lastKnownFileType = sourcecode.swift; path = Splash.swift; sourceTree = "<group>"; };
		23C5E6D62966D0E300F6C592 /* Camera.swift */ = {isa = PBXFileReference; lastKnownFileType = sourcecode.swift; path = Camera.swift; sourceTree = "<group>"; };
		9721DBAB296D456A008DE5F4 /* Home.swift */ = {isa = PBXFileReference; lastKnownFileType = sourcecode.swift; name = Home.swift; path = Utilites/Home.swift; sourceTree = "<group>"; };
		9721DBAD296D45B3008DE5F4 /* CustomColorPcker.swift */ = {isa = PBXFileReference; lastKnownFileType = sourcecode.swift; path = CustomColorPcker.swift; sourceTree = "<group>"; };
/* End PBXFileReference section */

/* Begin PBXFrameworksBuildPhase section */
		23C5E6BB2966D0A000F6C592 /* Frameworks */ = {
			isa = PBXFrameworksBuildPhase;
			buildActionMask = 2147483647;
			files = (
			);
			runOnlyForDeploymentPostprocessing = 0;
		};
/* End PBXFrameworksBuildPhase section */

/* Begin PBXGroup section */
		2396813D296AB39000318D02 /* Utilites */ = {
			isa = PBXGroup;
			children = (
				2396813E296AB3DF00318D02 /* Localization */,
			);
			path = Utilites;
			sourceTree = "<group>";
		};
		2396813E296AB3DF00318D02 /* Localization */ = {
			isa = PBXGroup;
			children = (
				23968143296AB4C600318D02 /* Localizable.strings */,
			);
			path = Localization;
			sourceTree = "<group>";
		};
		23C5E6B52966D0A000F6C592 = {
			isa = PBXGroup;
			children = (
				23C5E6C02966D0A000F6C592 /* nano */,
				23C5E6BF2966D0A000F6C592 /* Products */,
			);
			sourceTree = "<group>";
		};
		23C5E6BF2966D0A000F6C592 /* Products */ = {
			isa = PBXGroup;
			children = (
				23C5E6BE2966D0A000F6C592 /* nano.app */,
			);
			name = Products;
			sourceTree = "<group>";
		};
		23C5E6C02966D0A000F6C592 /* nano */ = {
			isa = PBXGroup;
			children = (
				23C5E6C12966D0A000F6C592 /* nanoApp.swift */,
				2396813D296AB39000318D02 /* Utilites */,
				23C5E6D42966D0CB00F6C592 /* Splash.swift */,
				232B33012968372C00904F51 /* MainPage.swift */,
				9721DBAB296D456A008DE5F4 /* Home.swift */,
				9721DBAD296D45B3008DE5F4 /* CustomColorPcker.swift */,
				239D4240296DD53A00AB47A0 /* MyColorPicker.swift */,
				232B33032968757E00904F51 /* ImagePicker.swift */,
				23C5E6D62966D0E300F6C592 /* Camera.swift */,
				23C5E6C52966D0A100F6C592 /* Assets.xcassets */,
				23C5E6CA2966D0A100F6C592 /* Persistence.swift */,
				23C5E6CC2966D0A100F6C592 /* nano.xcdatamodeld */,
				23C5E6C72966D0A100F6C592 /* Preview Content */,
			);
			path = nano;
			sourceTree = "<group>";
		};
		23C5E6C72966D0A100F6C592 /* Preview Content */ = {
			isa = PBXGroup;
			children = (
				23C5E6C82966D0A100F6C592 /* Preview Assets.xcassets */,
			);
			path = "Preview Content";
			sourceTree = "<group>";
		};
/* End PBXGroup section */

/* Begin PBXNativeTarget section */
		23C5E6BD2966D0A000F6C592 /* nano */ = {
			isa = PBXNativeTarget;
			buildConfigurationList = 23C5E6D12966D0A100F6C592 /* Build configuration list for PBXNativeTarget "nano" */;
			buildPhases = (
				23C5E6BA2966D0A000F6C592 /* Sources */,
				23C5E6BB2966D0A000F6C592 /* Frameworks */,
				23C5E6BC2966D0A000F6C592 /* Resources */,
			);
			buildRules = (
			);
			dependencies = (
			);
			name = nano;
			productName = nano;
			productReference = 23C5E6BE2966D0A000F6C592 /* nano.app */;
			productType = "com.apple.product-type.application";
		};
/* End PBXNativeTarget section */

/* Begin PBXProject section */
		23C5E6B62966D0A000F6C592 /* Project object */ = {
			isa = PBXProject;
			attributes = {
				BuildIndependentTargetsInParallel = 1;
				LastSwiftUpdateCheck = 1410;
				LastUpgradeCheck = 1410;
				TargetAttributes = {
					23C5E6BD2966D0A000F6C592 = {
						CreatedOnToolsVersion = 14.1;
					};
				};
			};
			buildConfigurationList = 23C5E6B92966D0A000F6C592 /* Build configuration list for PBXProject "nano" */;
			compatibilityVersion = "Xcode 14.0";
			developmentRegion = en;
			hasScannedForEncodings = 0;
			knownRegions = (
				en,
				Base,
				ar,
			);
			mainGroup = 23C5E6B52966D0A000F6C592;
			productRefGroup = 23C5E6BF2966D0A000F6C592 /* Products */;
			projectDirPath = "";
			projectRoot = "";
			targets = (
				23C5E6BD2966D0A000F6C592 /* nano */,
			);
		};
/* End PBXProject section */

/* Begin PBXResourcesBuildPhase section */
		23C5E6BC2966D0A000F6C592 /* Resources */ = {
			isa = PBXResourcesBuildPhase;
			buildActionMask = 2147483647;
			files = (
				23C5E6C92966D0A100F6C592 /* Preview Assets.xcassets in Resources */,
				23968141296AB4C600318D02 /* Localizable.strings in Resources */,
				23C5E6C62966D0A100F6C592 /* Assets.xcassets in Resources */,
			);
			runOnlyForDeploymentPostprocessing = 0;
		};
/* End PBXResourcesBuildPhase section */

/* Begin PBXSourcesBuildPhase section */
		23C5E6BA2966D0A000F6C592 /* Sources */ = {
			isa = PBXSourcesBuildPhase;
			buildActionMask = 2147483647;
			files = (
				23C5E6CB2966D0A100F6C592 /* Persistence.swift in Sources */,
				23C5E6CE2966D0A100F6C592 /* nano.xcdatamodeld in Sources */,
				23C5E6D72966D0E300F6C592 /* Camera.swift in Sources */,
				23C5E6C22966D0A000F6C592 /* nanoApp.swift in Sources */,
				232B33042968757E00904F51 /* ImagePicker.swift in Sources */,
				232B33022968372C00904F51 /* MainPage.swift in Sources */,
				9721DBAC296D456A008DE5F4 /* Home.swift in Sources */,
				9721DBAE296D45B3008DE5F4 /* CustomColorPcker.swift in Sources */,
				23C5E6D52966D0CB00F6C592 /* Splash.swift in Sources */,
				239D4241296DD53A00AB47A0 /* MyColorPicker.swift in Sources */,
			);
			runOnlyForDeploymentPostprocessing = 0;
		};
/* End PBXSourcesBuildPhase section */

/* Begin PBXVariantGroup section */
		23968143296AB4C600318D02 /* Localizable.strings */ = {
			isa = PBXVariantGroup;
			children = (
				235BC268296BF91B00945251 /* ar */,
				23BCBECE296C6A7900F7AAC8 /* en */,
			);
			name = Localizable.strings;
			sourceTree = "<group>";
		};
/* End PBXVariantGroup section */

/* Begin XCBuildConfiguration section */
		23C5E6CF2966D0A100F6C592 /* Debug */ = {
			isa = XCBuildConfiguration;
			buildSettings = {
				ALWAYS_SEARCH_USER_PATHS = NO;
				CLANG_ANALYZER_NONNULL = YES;
				CLANG_ANALYZER_NUMBER_OBJECT_CONVERSION = YES_AGGRESSIVE;
				CLANG_CXX_LANGUAGE_STANDARD = "gnu++20";
				CLANG_ENABLE_MODULES = YES;
				CLANG_ENABLE_OBJC_ARC = YES;
				CLANG_ENABLE_OBJC_WEAK = YES;
				CLANG_WARN_BLOCK_CAPTURE_AUTORELEASING = YES;
				CLANG_WARN_BOOL_CONVERSION = YES;
				CLANG_WARN_COMMA = YES;
				CLANG_WARN_CONSTANT_CONVERSION = YES;
				CLANG_WARN_DEPRECATED_OBJC_IMPLEMENTATIONS = YES;
				CLANG_WARN_DIRECT_OBJC_ISA_USAGE = YES_ERROR;
				CLANG_WARN_DOCUMENTATION_COMMENTS = YES;
				CLANG_WARN_EMPTY_BODY = YES;
				CLANG_WARN_ENUM_CONVERSION = YES;
				CLANG_WARN_INFINITE_RECURSION = YES;
				CLANG_WARN_INT_CONVERSION = YES;
				CLANG_WARN_NON_LITERAL_NULL_CONVERSION = YES;
				CLANG_WARN_OBJC_IMPLICIT_RETAIN_SELF = YES;
				CLANG_WARN_OBJC_LITERAL_CONVERSION = YES;
				CLANG_WARN_OBJC_ROOT_CLASS = YES_ERROR;
				CLANG_WARN_QUOTED_INCLUDE_IN_FRAMEWORK_HEADER = YES;
				CLANG_WARN_RANGE_LOOP_ANALYSIS = YES;
				CLANG_WARN_STRICT_PROTOTYPES = YES;
				CLANG_WARN_SUSPICIOUS_MOVE = YES;
				CLANG_WARN_UNGUARDED_AVAILABILITY = YES_AGGRESSIVE;
				CLANG_WARN_UNREACHABLE_CODE = YES;
				CLANG_WARN__DUPLICATE_METHOD_MATCH = YES;
				COPY_PHASE_STRIP = NO;
				DEBUG_INFORMATION_FORMAT = dwarf;
				ENABLE_STRICT_OBJC_MSGSEND = YES;
				ENABLE_TESTABILITY = YES;
				GCC_C_LANGUAGE_STANDARD = gnu11;
				GCC_DYNAMIC_NO_PIC = NO;
				GCC_NO_COMMON_BLOCKS = YES;
				GCC_OPTIMIZATION_LEVEL = 0;
				GCC_PREPROCESSOR_DEFINITIONS = (
					"DEBUG=1",
					"$(inherited)",
				);
				GCC_WARN_64_TO_32_BIT_CONVERSION = YES;
				GCC_WARN_ABOUT_RETURN_TYPE = YES_ERROR;
				GCC_WARN_UNDECLARED_SELECTOR = YES;
				GCC_WARN_UNINITIALIZED_AUTOS = YES_AGGRESSIVE;
				GCC_WARN_UNUSED_FUNCTION = YES;
				GCC_WARN_UNUSED_VARIABLE = YES;
				IPHONEOS_DEPLOYMENT_TARGET = 16.1;
				MTL_ENABLE_DEBUG_INFO = INCLUDE_SOURCE;
				MTL_FAST_MATH = YES;
				ONLY_ACTIVE_ARCH = YES;
				SDKROOT = iphoneos;
				SWIFT_ACTIVE_COMPILATION_CONDITIONS = DEBUG;
				SWIFT_OPTIMIZATION_LEVEL = "-Onone";
			};
			name = Debug;
		};
		23C5E6D02966D0A100F6C592 /* Release */ = {
			isa = XCBuildConfiguration;
			buildSettings = {
				ALWAYS_SEARCH_USER_PATHS = NO;
				CLANG_ANALYZER_NONNULL = YES;
				CLANG_ANALYZER_NUMBER_OBJECT_CONVERSION = YES_AGGRESSIVE;
				CLANG_CXX_LANGUAGE_STANDARD = "gnu++20";
				CLANG_ENABLE_MODULES = YES;
				CLANG_ENABLE_OBJC_ARC = YES;
				CLANG_ENABLE_OBJC_WEAK = YES;
				CLANG_WARN_BLOCK_CAPTURE_AUTORELEASING = YES;
				CLANG_WARN_BOOL_CONVERSION = YES;
				CLANG_WARN_COMMA = YES;
				CLANG_WARN_CONSTANT_CONVERSION = YES;
				CLANG_WARN_DEPRECATED_OBJC_IMPLEMENTATIONS = YES;
				CLANG_WARN_DIRECT_OBJC_ISA_USAGE = YES_ERROR;
				CLANG_WARN_DOCUMENTATION_COMMENTS = YES;
				CLANG_WARN_EMPTY_BODY = YES;
				CLANG_WARN_ENUM_CONVERSION = YES;
				CLANG_WARN_INFINITE_RECURSION = YES;
				CLANG_WARN_INT_CONVERSION = YES;
				CLANG_WARN_NON_LITERAL_NULL_CONVERSION = YES;
				CLANG_WARN_OBJC_IMPLICIT_RETAIN_SELF = YES;
				CLANG_WARN_OBJC_LITERAL_CONVERSION = YES;
				CLANG_WARN_OBJC_ROOT_CLASS = YES_ERROR;
				CLANG_WARN_QUOTED_INCLUDE_IN_FRAMEWORK_HEADER = YES;
				CLANG_WARN_RANGE_LOOP_ANALYSIS = YES;
				CLANG_WARN_STRICT_PROTOTYPES = YES;
				CLANG_WARN_SUSPICIOUS_MOVE = YES;
				CLANG_WARN_UNGUARDED_AVAILABILITY = YES_AGGRESSIVE;
				CLANG_WARN_UNREACHABLE_CODE = YES;
				CLANG_WARN__DUPLICATE_METHOD_MATCH = YES;
				COPY_PHASE_STRIP = NO;
				DEBUG_INFORMATION_FORMAT = "dwarf-with-dsym";
				ENABLE_NS_ASSERTIONS = NO;
				ENABLE_STRICT_OBJC_MSGSEND = YES;
				GCC_C_LANGUAGE_STANDARD = gnu11;
				GCC_NO_COMMON_BLOCKS = YES;
				GCC_WARN_64_TO_32_BIT_CONVERSION = YES;
				GCC_WARN_ABOUT_RETURN_TYPE = YES_ERROR;
				GCC_WARN_UNDECLARED_SELECTOR = YES;
				GCC_WARN_UNINITIALIZED_AUTOS = YES_AGGRESSIVE;
				GCC_WARN_UNUSED_FUNCTION = YES;
				GCC_WARN_UNUSED_VARIABLE = YES;
				IPHONEOS_DEPLOYMENT_TARGET = 16.1;
				MTL_ENABLE_DEBUG_INFO = NO;
				MTL_FAST_MATH = YES;
				SDKROOT = iphoneos;
				SWIFT_COMPILATION_MODE = wholemodule;
				SWIFT_OPTIMIZATION_LEVEL = "-O";
				VALIDATE_PRODUCT = YES;
			};
			name = Release;
		};
		23C5E6D22966D0A100F6C592 /* Debug */ = {
			isa = XCBuildConfiguration;
			buildSettings = {
				ASSETCATALOG_COMPILER_APPICON_NAME = AppIcon;
				ASSETCATALOG_COMPILER_GLOBAL_ACCENT_COLOR_NAME = AccentColor;
				CODE_SIGN_STYLE = Automatic;
				CURRENT_PROJECT_VERSION = 1;
				DEVELOPMENT_ASSET_PATHS = "\"nano/Preview Content\"";
				DEVELOPMENT_TEAM = 684Z82SSZ7;
				ENABLE_PREVIEWS = YES;
				GENERATE_INFOPLIST_FILE = YES;
				INFOPLIST_KEY_NSCameraUsageDescription = "هل تسمح للتطبيق للوصول الى الكاميرا؟";
				INFOPLIST_KEY_UIApplicationSceneManifest_Generation = YES;
				INFOPLIST_KEY_UIApplicationSupportsIndirectInputEvents = YES;
				INFOPLIST_KEY_UILaunchScreen_Generation = YES;
				INFOPLIST_KEY_UISupportedInterfaceOrientations_iPad = "UIInterfaceOrientationPortrait UIInterfaceOrientationPortraitUpsideDown UIInterfaceOrientationLandscapeLeft UIInterfaceOrientationLandscapeRight";
				INFOPLIST_KEY_UISupportedInterfaceOrientations_iPhone = "UIInterfaceOrientationPortrait UIInterfaceOrientationLandscapeLeft UIInterfaceOrientationLandscapeRight";
				LD_RUNPATH_SEARCH_PATHS = (
					"$(inherited)",
					"@executable_path/Frameworks",
				);
				MARKETING_VERSION = 1.0;
				PRODUCT_BUNDLE_IDENTIFIER = Abeer.nano;
				PRODUCT_NAME = "$(TARGET_NAME)";
				SWIFT_EMIT_LOC_STRINGS = YES;
				SWIFT_VERSION = 5.0;
				TARGETED_DEVICE_FAMILY = "1,2";
			};
			name = Debug;
		};
		23C5E6D32966D0A100F6C592 /* Release */ = {
			isa = XCBuildConfiguration;
			buildSettings = {
				ASSETCATALOG_COMPILER_APPICON_NAME = AppIcon;
				ASSETCATALOG_COMPILER_GLOBAL_ACCENT_COLOR_NAME = AccentColor;
				CODE_SIGN_STYLE = Automatic;
				CURRENT_PROJECT_VERSION = 1;
				DEVELOPMENT_ASSET_PATHS = "\"nano/Preview Content\"";
				DEVELOPMENT_TEAM = 684Z82SSZ7;
				ENABLE_PREVIEWS = YES;
				GENERATE_INFOPLIST_FILE = YES;
				INFOPLIST_KEY_NSCameraUsageDescription = "هل تسمح للتطبيق للوصول الى الكاميرا؟";
				INFOPLIST_KEY_UIApplicationSceneManifest_Generation = YES;
				INFOPLIST_KEY_UIApplicationSupportsIndirectInputEvents = YES;
				INFOPLIST_KEY_UILaunchScreen_Generation = YES;
				INFOPLIST_KEY_UISupportedInterfaceOrientations_iPad = "UIInterfaceOrientationPortrait UIInterfaceOrientationPortraitUpsideDown UIInterfaceOrientationLandscapeLeft UIInterfaceOrientationLandscapeRight";
				INFOPLIST_KEY_UISupportedInterfaceOrientations_iPhone = "UIInterfaceOrientationPortrait UIInterfaceOrientationLandscapeLeft UIInterfaceOrientationLandscapeRight";
				LD_RUNPATH_SEARCH_PATHS = (
					"$(inherited)",
					"@executable_path/Frameworks",
				);
				MARKETING_VERSION = 1.0;
				PRODUCT_BUNDLE_IDENTIFIER = Abeer.nano;
				PRODUCT_NAME = "$(TARGET_NAME)";
				SWIFT_EMIT_LOC_STRINGS = YES;
				SWIFT_VERSION = 5.0;
				TARGETED_DEVICE_FAMILY = "1,2";
			};
			name = Release;
		};
/* End XCBuildConfiguration section */

/* Begin XCConfigurationList section */
		23C5E6B92966D0A000F6C592 /* Build configuration list for PBXProject "nano" */ = {
			isa = XCConfigurationList;
			buildConfigurations = (
				23C5E6CF2966D0A100F6C592 /* Debug */,
				23C5E6D02966D0A100F6C592 /* Release */,
			);
			defaultConfigurationIsVisible = 0;
			defaultConfigurationName = Release;
		};
		23C5E6D12966D0A100F6C592 /* Build configuration list for PBXNativeTarget "nano" */ = {
			isa = XCConfigurationList;
			buildConfigurations = (
				23C5E6D22966D0A100F6C592 /* Debug */,
				23C5E6D32966D0A100F6C592 /* Release */,
			);
			defaultConfigurationIsVisible = 0;
			defaultConfigurationName = Release;
		};
/* End XCConfigurationList section */

/* Begin XCVersionGroup section */
		23C5E6CC2966D0A100F6C592 /* nano.xcdatamodeld */ = {
			isa = XCVersionGroup;
			children = (
				23C5E6CD2966D0A100F6C592 /* nano.xcdatamodel */,
			);
			currentVersion = 23C5E6CD2966D0A100F6C592 /* nano.xcdatamodel */;
			path = nano.xcdatamodeld;
			sourceTree = "<group>";
			versionGroupType = wrapper.xcdatamodel;
		};
/* End XCVersionGroup section */
	};
	rootObject = 23C5E6B62966D0A000F6C592 /* Project object */;
}
